[[package]]
name = "attr"
version = "0.3.1"
description = "Simple decorator to set attributes of target function or class in a DRY way."
category = "main"
optional = false
python-versions = "*"

[[package]]
name = "fire"
version = "0.4.0"
description = "A library for automatically generating command line interfaces."
category = "main"
optional = false
python-versions = "*"

[package.dependencies]
six = "*"
termcolor = "*"

[[package]]
name = "parsy"
version = "1.4.0"
description = "easy-to-use parser combinators, for parsing in pure Python"
category = "main"
optional = false
python-versions = "*"

[[package]]
name = "six"
version = "1.16.0"
description = "Python 2 and 3 compatibility utilities"
category = "main"
optional = false
python-versions = ">=2.7, !=3.0.*, !=3.1.*, !=3.2.*"

[[package]]
name = "termcolor"
version = "1.1.0"
description = "ANSII Color formatting for output in terminal."
category = "main"
optional = false
python-versions = "*"

[metadata]
lock-version = "1.1"
python-versions = "^3.9"
content-hash = "9b2b261d351232b4b66f46dc64e235b3291e5deaec2053a54edc65b13c00b4c4"

[metadata.files]
attr = [
    {file = "attr-0.3.1-py2-none-any.whl", hash = "sha256:0b1aaddb85bd9e9c4bd75092f4440d6616ff40b0df0437f00771871670f7c9fd"},
    {file = "attr-0.3.1.tar.gz", hash = "sha256:9091548058d17f132596e61fa7518e504f76b9a4c61ca7d86e1f96dbf7d4775d"},
]
fire = [
    {file = "fire-0.4.0.tar.gz", hash = "sha256:c5e2b8763699d1142393a46d0e3e790c5eb2f0706082df8f647878842c216a62"},
]
parsy = [
    {file = "parsy-1.4.0-py2.py3-none-any.whl", hash = "sha256:01aa47cf3aa2a911e4d8653193c061605acf229b802ab3a7c97692fd6aa790de"},
    {file = "parsy-1.4.0.tar.gz", hash = "sha256:7c411373e520e97431f0b390db9d2cfc5089bc1d33f4f1584d2cdc9e6368f302"},
]
six = [
    {file = "six-1.16.0-py2.py3-none-any.whl", hash = "sha256:8abb2f1d86890a2dfb989f9a77cfcfd3e47c2a354b01111771326f8aa26e0254"},
    {file = "six-1.16.0.tar.gz", hash = "sha256:1e61c37477a1626458e36f7b1d82aa5c9b094fa4802892072e49de9c60c4c926"},
]
termcolor = [
    {file = "termcolor-1.1.0.tar.gz", hash = "sha256:1d6d69ce66211143803fbc56652b41d73b4a400a2891d7bf7a1cdf4c02de613b"},
]
